{
  "version": 4,
  "terraform_version": "1.3.5",
  "serial": 108,
  "lineage": "5c0508c8-2dcd-c313-36a3-3cb10825a603",
  "outputs": {},
  "resources": [
    {
      "mode": "managed",
      "type": "aws_subnet",
      "name": "subnet",
      "provider": "provider[\"registry.terraform.io/hashicorp/aws\"]",
      "instances": [
        {
          "index_key": "sub",
          "schema_version": 1,
          "attributes": {
            "arn": "arn:aws:ec2:us-east-1:192044182094:subnet/subnet-0993873c83ac36a6a",
            "assign_ipv6_address_on_creation": false,
            "availability_zone": "us-east-1a",
            "availability_zone_id": "use1-az2",
            "cidr_block": "10.0.0.0/24",
            "customer_owned_ipv4_pool": "",
            "enable_dns64": false,
            "enable_resource_name_dns_a_record_on_launch": false,
            "enable_resource_name_dns_aaaa_record_on_launch": false,
            "id": "subnet-0993873c83ac36a6a",
            "ipv6_cidr_block": "",
            "ipv6_cidr_block_association_id": "",
            "ipv6_native": false,
            "map_customer_owned_ip_on_launch": false,
            "map_public_ip_on_launch": false,
            "outpost_arn": "",
            "owner_id": "192044182094",
            "private_dns_hostname_type_on_launch": "ip-name",
            "tags": {
              "Name": "sub"
            },
            "tags_all": {
              "Name": "sub"
            },
            "timeouts": null,
            "vpc_id": "vpc-0ddacccdd1a2eb38a"
          },
          "sensitive_attributes": [],
          "private": "eyJlMmJmYjczMC1lY2FhLTExZTYtOGY4OC0zNDM2M2JjN2M0YzAiOnsiY3JlYXRlIjo2MDAwMDAwMDAwMDAsImRlbGV0ZSI6MTIwMDAwMDAwMDAwMH0sInNjaGVtYV92ZXJzaW9uIjoiMSJ9"
        }
      ]
    },
    {
      "mode": "managed",
      "type": "aws_vpc",
      "name": "vpc",
      "provider": "provider[\"registry.terraform.io/hashicorp/aws\"]",
      "instances": [
        {
          "index_key": "MAIN_VPC",
          "schema_version": 1,
          "attributes": {
            "arn": "arn:aws:ec2:us-east-1:192044182094:vpc/vpc-0ddacccdd1a2eb38a",
            "assign_generated_ipv6_cidr_block": false,
            "cidr_block": "10.0.0.0/24",
            "default_network_acl_id": "acl-08c67031edb90c060",
            "default_route_table_id": "rtb-0304253f6ea1a430a",
            "default_security_group_id": "sg-0cf3020f932dbec62",
            "dhcp_options_id": "dopt-04a9ef601947cfba5",
            "enable_classiclink": false,
            "enable_classiclink_dns_support": false,
            "enable_dns_hostnames": false,
            "enable_dns_support": true,
            "enable_network_address_usage_metrics": false,
            "id": "vpc-0ddacccdd1a2eb38a",
            "instance_tenancy": "default",
            "ipv4_ipam_pool_id": null,
            "ipv4_netmask_length": null,
            "ipv6_association_id": "",
            "ipv6_cidr_block": "",
            "ipv6_cidr_block_network_border_group": "",
            "ipv6_ipam_pool_id": "",
            "ipv6_netmask_length": 0,
            "main_route_table_id": "rtb-0304253f6ea1a430a",
            "owner_id": "192044182094",
            "tags": {
              "Name": "MAIN_VPC"
            },
            "tags_all": {
              "Name": "MAIN_VPC"
            }
          },
          "sensitive_attributes": [],
          "private": "eyJzY2hlbWFfdmVyc2lvbiI6IjEifQ=="
        }
      ]
    }
  ],
  "check_results": null
}
